
Microsoft Visual Studio Solution File, Format Version 12.00
# Visual Studio Version 17
VisualStudioVersion = 17.7.34202.233
MinimumVisualStudioVersion = 10.0.40219.1
Project("{FAE04EC0-301F-11D3-BF4B-00C04F79EFBC}") = "DOCUMENTMANAGER", "DOCUMENTMANAGER.csproj", "{611D62F5-E934-4951-BAF1-E635E5CCEE9A}"
EndProject
Global
	GlobalSection(SolutionConfigurationPlatforms) = preSolution
		Debug|Any CPU = Debug|Any CPU
		Release|Any CPU = Release|Any CPU
	EndGlobalSection
	GlobalSection(ProjectConfigurationPlatforms) = postSolution
		{611D62F5-E934-4951-BAF1-E635E5CCEE9A}.Debug|Any CPU.ActiveCfg = Debug|Any CPU
		{611D62F5-E934-4951-BAF1-E635E5CCEE9A}.Debug|Any CPU.Build.0 = Debug|Any CPU
		{611D62F5-E934-4951-BAF1-E635E5CCEE9A}.Release|Any CPU.ActiveCfg = Release|Any CPU
		{611D62F5-E934-4951-BAF1-E635E5CCEE9A}.Release|Any CPU.Build.0 = Release|Any CPU
	EndGlobalSection
	GlobalSection(SolutionProperties) = preSolution
		HideSolutionNode = FALSE
	EndGlobalSection
	GlobalSection(ExtensibilityGlobals) = postSolution
		SolutionGuid = {5DFA0EA1-7F93-4C6A-9B91-0B74419C3597}
	EndGlobalSection
EndGlobal
